
Microsoft Visual Studio Solution File, Format Version 12.00
# Visual Studio Version 17
VisualStudioVersion = 17.7.34024.191
MinimumVisualStudioVersion = 10.0.40219.1
Project("{FAE04EC0-301F-11D3-BF4B-00C04F79EFBC}") = "AbstractClassDemo", "AbstractClassDemo\AbstractClassDemo.csproj", "{14F35328-9008-44C4-A8C4-02983FD8A8B5}"
EndProject
Global
	GlobalSection(SolutionConfigurationPlatforms) = preSolution
		Debug|Any CPU = Debug|Any CPU
		Release|Any CPU = Release|Any CPU
	EndGlobalSection
	GlobalSection(ProjectConfigurationPlatforms) = postSolution
		{14F35328-9008-44C4-A8C4-02983FD8A8B5}.Debug|Any CPU.ActiveCfg = Debug|Any CPU
		{14F35328-9008-44C4-A8C4-02983FD8A8B5}.Debug|Any CPU.Build.0 = Debug|Any CPU
		{14F35328-9008-44C4-A8C4-02983FD8A8B5}.Release|Any CPU.ActiveCfg = Release|Any CPU
		{14F35328-9008-44C4-A8C4-02983FD8A8B5}.Release|Any CPU.Build.0 = Release|Any CPU
	EndGlobalSection
	GlobalSection(SolutionProperties) = preSolution
		HideSolutionNode = FALSE
	EndGlobalSection
	GlobalSection(ExtensibilityGlobals) = postSolution
		SolutionGuid = {B326C7FE-84B6-48B0-AF8D-74271BE5837B}
	EndGlobalSection
EndGlobal
